// !$*UTF8*$!
{
	archiveVersion = 1;
	classes = {
	};
	objectVersion = 77;
	objects = {

/* Begin PBXContainerItemProxy section */
		ACA3AA652D569BC6008CCF12 /* PBXContainerItemProxy */ = {
			isa = PBXContainerItemProxy;
			containerPortal = ACA3AA4C2D569BC4008CCF12 /* Project object */;
			proxyType = 1;
			remoteGlobalIDString = ACA3AA532D569BC4008CCF12;
			remoteInfo = FchMealsApp;
		};
		ACA3AA6F2D569BC6008CCF12 /* PBXContainerItemProxy */ = {
			isa = PBXContainerItemProxy;
			containerPortal = ACA3AA4C2D569BC4008CCF12 /* Project object */;
			proxyType = 1;
			remoteGlobalIDString = ACA3AA532D569BC4008CCF12;
			remoteInfo = FchMealsApp;
		};
/* End PBXContainerItemProxy section */

/* Begin PBXFileReference section */
		ACA3AA542D569BC4008CCF12 /* FchMealsApp.app */ = {isa = PBXFileReference; explicitFileType = wrapper.application; includeInIndex = 0; path = FchMealsApp.app; sourceTree = BUILT_PRODUCTS_DIR; };
		ACA3AA642D569BC6008CCF12 /* FchMealsAppTests.xctest */ = {isa = PBXFileReference; explicitFileType = wrapper.cfbundle; includeInIndex = 0; path = FchMealsAppTests.xctest; sourceTree = BUILT_PRODUCTS_DIR; };
		ACA3AA6E2D569BC6008CCF12 /* FchMealsAppUITests.xctest */ = {isa = PBXFileReference; explicitFileType = wrapper.cfbundle; includeInIndex = 0; path = FchMealsAppUITests.xctest; sourceTree = BUILT_PRODUCTS_DIR; };
/* End PBXFileReference section */

/* Begin PBXFileSystemSynchronizedRootGroup section */
		ACA3AA562D569BC4008CCF12 /* FchMealsApp */ = {
			isa = PBXFileSystemSynchronizedRootGroup;
			path = FchMealsApp;
			sourceTree = "<group>";
		};
		ACA3AA672D569BC6008CCF12 /* FchMealsAppTests */ = {
			isa = PBXFileSystemSynchronizedRootGroup;
			path = FchMealsAppTests;
			sourceTree = "<group>";
		};
		ACA3AA712D569BC6008CCF12 /* FchMealsAppUITests */ = {
			isa = PBXFileSystemSynchronizedRootGroup;
			path = FchMealsAppUITests;
			sourceTree = "<group>";
		};
/* End PBXFileSystemSynchronizedRootGroup section */

/* Begin PBXFrameworksBuildPhase section */
		ACA3AA512D569BC4008CCF12 /* Frameworks */ = {
			isa = PBXFrameworksBuildPhase;
			buildActionMask = 2147483647;
			files = (
			);
			runOnlyForDeploymentPostprocessing = 0;
		};
		ACA3AA612D569BC6008CCF12 /* Frameworks */ = {
			isa = PBXFrameworksBuildPhase;
			buildActionMask = 2147483647;
			files = (
			);
			runOnlyForDeploymentPostprocessing = 0;
		};
		ACA3AA6B2D569BC6008CCF12 /* Frameworks */ = {
			isa = PBXFrameworksBuildPhase;
			buildActionMask = 2147483647;
			files = (
			);
			runOnlyForDeploymentPostprocessing = 0;
		};
/* End PBXFrameworksBuildPhase section */

/* Begin PBXGroup section */
		ACA3AA4B2D569BC4008CCF12 = {
			isa = PBXGroup;
			children = (
				ACA3AA562D569BC4008CCF12 /* FchMealsApp */,
				ACA3AA672D569BC6008CCF12 /* FchMealsAppTests */,
				ACA3AA712D569BC6008CCF12 /* FchMealsAppUITests */,
				ACA3AA552D569BC4008CCF12 /* Products */,
			);
			sourceTree = "<group>";
		};
		ACA3AA552D569BC4008CCF12 /* Products */ = {
			isa = PBXGroup;
			children = (
				ACA3AA542D569BC4008CCF12 /* FchMealsApp.app */,
				ACA3AA642D569BC6008CCF12 /* FchMealsAppTests.xctest */,
				ACA3AA6E2D569BC6008CCF12 /* FchMealsAppUITests.xctest */,
			);
			name = Products;
			sourceTree = "<group>";
		};
/* End PBXGroup section */

/* Begin PBXNativeTarget section */
		ACA3AA532D569BC4008CCF12 /* FchMealsApp */ = {
			isa = PBXNativeTarget;
			buildConfigurationList = ACA3AA782D569BC6008CCF12 /* Build configuration list for PBXNativeTarget "FchMealsApp" */;
			buildPhases = (
				ACA3AA502D569BC4008CCF12 /* Sources */,
				ACA3AA512D569BC4008CCF12 /* Frameworks */,
				ACA3AA522D569BC4008CCF12 /* Resources */,
			);
			buildRules = (
			);
			dependencies = (
			);
			fileSystemSynchronizedGroups = (
				ACA3AA562D569BC4008CCF12 /* FchMealsApp */,
			);
			name = FchMealsApp;
			packageProductDependencies = (
			);
			productName = FchMealsApp;
			productReference = ACA3AA542D569BC4008CCF12 /* FchMealsApp.app */;
			productType = "com.apple.product-type.application";
		};
		ACA3AA632D569BC6008CCF12 /* FchMealsAppTests */ = {
			isa = PBXNativeTarget;
			buildConfigurationList = ACA3AA7B2D569BC6008CCF12 /* Build configuration list for PBXNativeTarget "FchMealsAppTests" */;
			buildPhases = (
				ACA3AA602D569BC6008CCF12 /* Sources */,
				ACA3AA612D569BC6008CCF12 /* Frameworks */,
				ACA3AA622D569BC6008CCF12 /* Resources */,
			);
			buildRules = (
			);
			dependencies = (
				ACA3AA662D569BC6008CCF12 /* PBXTargetDependency */,
			);
			fileSystemSynchronizedGroups = (
				ACA3AA672D569BC6008CCF12 /* FchMealsAppTests */,
			);
			name = FchMealsAppTests;
			packageProductDependencies = (
			);
			productName = FchMealsAppTests;
			productReference = ACA3AA642D569BC6008CCF12 /* FchMealsAppTests.xctest */;
			productType = "com.apple.product-type.bundle.unit-test";
		};
		ACA3AA6D2D569BC6008CCF12 /* FchMealsAppUITests */ = {
			isa = PBXNativeTarget;
			buildConfigurationList = ACA3AA7E2D569BC6008CCF12 /* Build configuration list for PBXNativeTarget "FchMealsAppUITests" */;
			buildPhases = (
				ACA3AA6A2D569BC6008CCF12 /* Sources */,
				ACA3AA6B2D569BC6008CCF12 /* Frameworks */,
				ACA3AA6C2D569BC6008CCF12 /* Resources */,
			);
			buildRules = (
			);
			dependencies = (
				ACA3AA702D569BC6008CCF12 /* PBXTargetDependency */,
			);
			fileSystemSynchronizedGroups = (
				ACA3AA712D569BC6008CCF12 /* FchMealsAppUITests */,
			);
			name = FchMealsAppUITests;
			packageProductDependencies = (
			);
			productName = FchMealsAppUITests;
			productReference = ACA3AA6E2D569BC6008CCF12 /* FchMealsAppUITests.xctest */;
			productType = "com.apple.product-type.bundle.ui-testing";
		};
/* End PBXNativeTarget section */

/* Begin PBXProject section */
		ACA3AA4C2D569BC4008CCF12 /* Project object */ = {
			isa = PBXProject;
			attributes = {
				BuildIndependentTargetsInParallel = 1;
				LastSwiftUpdateCheck = 1620;
				LastUpgradeCheck = 1620;
				TargetAttributes = {
					ACA3AA532D569BC4008CCF12 = {
						CreatedOnToolsVersion = 16.2;
					};
					ACA3AA632D569BC6008CCF12 = {
						CreatedOnToolsVersion = 16.2;
						TestTargetID = ACA3AA532D569BC4008CCF12;
					};
					ACA3AA6D2D569BC6008CCF12 = {
						CreatedOnToolsVersion = 16.2;
						TestTargetID = ACA3AA532D569BC4008CCF12;
					};
				};
			};
			buildConfigurationList = ACA3AA4F2D569BC4008CCF12 /* Build configuration list for PBXProject "FchMealsApp" */;
			developmentRegion = en;
			hasScannedForEncodings = 0;
			knownRegions = (
				en,
				Base,
			);
			mainGroup = ACA3AA4B2D569BC4008CCF12;
			minimizedProjectReferenceProxies = 1;
			preferredProjectObjectVersion = 77;
			productRefGroup = ACA3AA552D569BC4008CCF12 /* Products */;
			projectDirPath = "";
			projectRoot = "";
			targets = (
				ACA3AA532D569BC4008CCF12 /* FchMealsApp */,
				ACA3AA632D569BC6008CCF12 /* FchMealsAppTests */,
				ACA3AA6D2D569BC6008CCF12 /* FchMealsAppUITests */,
			);
		};
/* End PBXProject section */

/* Begin PBXResourcesBuildPhase section */
		ACA3AA522D569BC4008CCF12 /* Resources */ = {
			isa = PBXResourcesBuildPhase;
			buildActionMask = 2147483647;
			files = (
			);
			runOnlyForDeploymentPostprocessing = 0;
		};
		ACA3AA622D569BC6008CCF12 /* Resources */ = {
			isa = PBXResourcesBuildPhase;
			buildActionMask = 2147483647;
			files = (
			);
			runOnlyForDeploymentPostprocessing = 0;
		};
		ACA3AA6C2D569BC6008CCF12 /* Resources */ = {
			isa = PBXResourcesBuildPhase;
			buildActionMask = 2147483647;
			files = (
			);
			runOnlyForDeploymentPostprocessing = 0;
		};
/* End PBXResourcesBuildPhase section */

/* Begin PBXSourcesBuildPhase section */
		ACA3AA502D569BC4008CCF12 /* Sources */ = {
			isa = PBXSourcesBuildPhase;
			buildActionMask = 2147483647;
			files = (
			);
			runOnlyForDeploymentPostprocessing = 0;
		};
		ACA3AA602D569BC6008CCF12 /* Sources */ = {
			isa = PBXSourcesBuildPhase;
			buildActionMask = 2147483647;
			files = (
			);
			runOnlyForDeploymentPostprocessing = 0;
		};
		ACA3AA6A2D569BC6008CCF12 /* Sources */ = {
			isa = PBXSourcesBuildPhase;
			buildActionMask = 2147483647;
			files = (
			);
			runOnlyForDeploymentPostprocessing = 0;
		};
/* End PBXSourcesBuildPhase section */

/* Begin PBXTargetDependency section */
		ACA3AA662D569BC6008CCF12 /* PBXTargetDependency */ = {
			isa = PBXTargetDependency;
			target = ACA3AA532D569BC4008CCF12 /* FchMealsApp */;
			targetProxy = ACA3AA652D569BC6008CCF12 /* PBXContainerItemProxy */;
		};
		ACA3AA702D569BC6008CCF12 /* PBXTargetDependency */ = {
			isa = PBXTargetDependency;
			target = ACA3AA532D569BC4008CCF12 /* FchMealsApp */;
			targetProxy = ACA3AA6F2D569BC6008CCF12 /* PBXContainerItemProxy */;
		};
/* End PBXTargetDependency section */

/* Begin XCBuildConfiguration section */
		ACA3AA762D569BC6008CCF12 /* Debug */ = {
			isa = XCBuildConfiguration;
			buildSettings = {
				ALWAYS_SEARCH_USER_PATHS = NO;
				ASSETCATALOG_COMPILER_GENERATE_SWIFT_ASSET_SYMBOL_EXTENSIONS = YES;
				CLANG_ANALYZER_NONNULL = YES;
				CLANG_ANALYZER_NUMBER_OBJECT_CONVERSION = YES_AGGRESSIVE;
				CLANG_CXX_LANGUAGE_STANDARD = "gnu++20";
				CLANG_ENABLE_MODULES = YES;
				CLANG_ENABLE_OBJC_ARC = YES;
				CLANG_ENABLE_OBJC_WEAK = YES;
				CLANG_WARN_BLOCK_CAPTURE_AUTORELEASING = YES;
				CLANG_WARN_BOOL_CONVERSION = YES;
				CLANG_WARN_COMMA = YES;
				CLANG_WARN_CONSTANT_CONVERSION = YES;
				CLANG_WARN_DEPRECATED_OBJC_IMPLEMENTATIONS = YES;
				CLANG_WARN_DIRECT_OBJC_ISA_USAGE = YES_ERROR;
				CLANG_WARN_DOCUMENTATION_COMMENTS = YES;
				CLANG_WARN_EMPTY_BODY = YES;
				CLANG_WARN_ENUM_CONVERSION = YES;
				CLANG_WARN_INFINITE_RECURSION = YES;
				CLANG_WARN_INT_CONVERSION = YES;
				CLANG_WARN_NON_LITERAL_NULL_CONVERSION = YES;
				CLANG_WARN_OBJC_IMPLICIT_RETAIN_SELF = YES;
				CLANG_WARN_OBJC_LITERAL_CONVERSION = YES;
				CLANG_WARN_OBJC_ROOT_CLASS = YES_ERROR;
				CLANG_WARN_QUOTED_INCLUDE_IN_FRAMEWORK_HEADER = YES;
				CLANG_WARN_RANGE_LOOP_ANALYSIS = YES;
				CLANG_WARN_STRICT_PROTOTYPES = YES;
				CLANG_WARN_SUSPICIOUS_MOVE = YES;
				CLANG_WARN_UNGUARDED_AVAILABILITY = YES_AGGRESSIVE;
				CLANG_WARN_UNREACHABLE_CODE = YES;
				CLANG_WARN__DUPLICATE_METHOD_MATCH = YES;
				COPY_PHASE_STRIP = NO;
				DEBUG_INFORMATION_FORMAT = dwarf;
				ENABLE_STRICT_OBJC_MSGSEND = YES;
				ENABLE_TESTABILITY = YES;
				ENABLE_USER_SCRIPT_SANDBOXING = YES;
				GCC_C_LANGUAGE_STANDARD = gnu17;
				GCC_DYNAMIC_NO_PIC = NO;
				GCC_NO_COMMON_BLOCKS = YES;
				GCC_OPTIMIZATION_LEVEL = 0;
				GCC_PREPROCESSOR_DEFINITIONS = (
					"DEBUG=1",
					"$(inherited)",
				);
				GCC_WARN_64_TO_32_BIT_CONVERSION = YES;
				GCC_WARN_ABOUT_RETURN_TYPE = YES_ERROR;
				GCC_WARN_UNDECLARED_SELECTOR = YES;
				GCC_WARN_UNINITIALIZED_AUTOS = YES_AGGRESSIVE;
				GCC_WARN_UNUSED_FUNCTION = YES;
				GCC_WARN_UNUSED_VARIABLE = YES;
				IPHONEOS_DEPLOYMENT_TARGET = 18.2;
				LOCALIZATION_PREFERS_STRING_CATALOGS = YES;
				MTL_ENABLE_DEBUG_INFO = INCLUDE_SOURCE;
				MTL_FAST_MATH = YES;
				ONLY_ACTIVE_ARCH = YES;
				SDKROOT = iphoneos;
				SWIFT_ACTIVE_COMPILATION_CONDITIONS = "DEBUG $(inherited)";
				SWIFT_OPTIMIZATION_LEVEL = "-Onone";
			};
			name = Debug;
		};
		ACA3AA772D569BC6008CCF12 /* Release */ = {
			isa = XCBuildConfiguration;
			buildSettings = {
				ALWAYS_SEARCH_USER_PATHS = NO;
				ASSETCATALOG_COMPILER_GENERATE_SWIFT_ASSET_SYMBOL_EXTENSIONS = YES;
				CLANG_ANALYZER_NONNULL = YES;
				CLANG_ANALYZER_NUMBER_OBJECT_CONVERSION = YES_AGGRESSIVE;
				CLANG_CXX_LANGUAGE_STANDARD = "gnu++20";
				CLANG_ENABLE_MODULES = YES;
				CLANG_ENABLE_OBJC_ARC = YES;
				CLANG_ENABLE_OBJC_WEAK = YES;
				CLANG_WARN_BLOCK_CAPTURE_AUTORELEASING = YES;
				CLANG_WARN_BOOL_CONVERSION = YES;
				CLANG_WARN_COMMA = YES;
				CLANG_WARN_CONSTANT_CONVERSION = YES;
				CLANG_WARN_DEPRECATED_OBJC_IMPLEMENTATIONS = YES;
				CLANG_WARN_DIRECT_OBJC_ISA_USAGE = YES_ERROR;
				CLANG_WARN_DOCUMENTATION_COMMENTS = YES;
				CLANG_WARN_EMPTY_BODY = YES;
				CLANG_WARN_ENUM_CONVERSION = YES;
				CLANG_WARN_INFINITE_RECURSION = YES;
				CLANG_WARN_INT_CONVERSION = YES;
				CLANG_WARN_NON_LITERAL_NULL_CONVERSION = YES;
				CLANG_WARN_OBJC_IMPLICIT_RETAIN_SELF = YES;
				CLANG_WARN_OBJC_LITERAL_CONVERSION = YES;
				CLANG_WARN_OBJC_ROOT_CLASS = YES_ERROR;
				CLANG_WARN_QUOTED_INCLUDE_IN_FRAMEWORK_HEADER = YES;
				CLANG_WARN_RANGE_LOOP_ANALYSIS = YES;
				CLANG_WARN_STRICT_PROTOTYPES = YES;
				CLANG_WARN_SUSPICIOUS_MOVE = YES;
				CLANG_WARN_UNGUARDED_AVAILABILITY = YES_AGGRESSIVE;
				CLANG_WARN_UNREACHABLE_CODE = YES;
				CLANG_WARN__DUPLICATE_METHOD_MATCH = YES;
				COPY_PHASE_STRIP = NO;
				DEBUG_INFORMATION_FORMAT = "dwarf-with-dsym";
				ENABLE_NS_ASSERTIONS = NO;
				ENABLE_STRICT_OBJC_MSGSEND = YES;
				ENABLE_USER_SCRIPT_SANDBOXING = YES;
				GCC_C_LANGUAGE_STANDARD = gnu17;
				GCC_NO_COMMON_BLOCKS = YES;
				GCC_WARN_64_TO_32_BIT_CONVERSION = YES;
				GCC_WARN_ABOUT_RETURN_TYPE = YES_ERROR;
				GCC_WARN_UNDECLARED_SELECTOR = YES;
				GCC_WARN_UNINITIALIZED_AUTOS = YES_AGGRESSIVE;
				GCC_WARN_UNUSED_FUNCTION = YES;
				GCC_WARN_UNUSED_VARIABLE = YES;
				IPHONEOS_DEPLOYMENT_TARGET = 18.2;
				LOCALIZATION_PREFERS_STRING_CATALOGS = YES;
				MTL_ENABLE_DEBUG_INFO = NO;
				MTL_FAST_MATH = YES;
				SDKROOT = iphoneos;
				SWIFT_COMPILATION_MODE = wholemodule;
				VALIDATE_PRODUCT = YES;
			};
			name = Release;
		};
		ACA3AA792D569BC6008CCF12 /* Debug */ = {
			isa = XCBuildConfiguration;
			buildSettings = {
				ASSETCATALOG_COMPILER_APPICON_NAME = AppIcon;
				ASSETCATALOG_COMPILER_GLOBAL_ACCENT_COLOR_NAME = AccentColor;
				CODE_SIGN_STYLE = Automatic;
				CURRENT_PROJECT_VERSION = 1;
				DEVELOPMENT_ASSET_PATHS = "\"FchMealsApp/Preview Content\"";
				DEVELOPMENT_TEAM = 8VNWQXUY4G;
				ENABLE_PREVIEWS = YES;
				GENERATE_INFOPLIST_FILE = YES;
				INFOPLIST_KEY_UIApplicationSceneManifest_Generation = YES;
				INFOPLIST_KEY_UIApplicationSupportsIndirectInputEvents = YES;
				INFOPLIST_KEY_UILaunchScreen_Generation = YES;
				INFOPLIST_KEY_UISupportedInterfaceOrientations_iPad = "UIInterfaceOrientationPortrait UIInterfaceOrientationPortraitUpsideDown UIInterfaceOrientationLandscapeLeft UIInterfaceOrientationLandscapeRight";
				INFOPLIST_KEY_UISupportedInterfaceOrientations_iPhone = "UIInterfaceOrientationPortrait UIInterfaceOrientationLandscapeLeft UIInterfaceOrientationLandscapeRight";
				LD_RUNPATH_SEARCH_PATHS = (
					"$(inherited)",
					"@executable_path/Frameworks",
				);
				MARKETING_VERSION = 1.0;
				PRODUCT_BUNDLE_IDENTIFIER = aadishivmalhotra.FchMealsApp;
				PRODUCT_NAME = "$(TARGET_NAME)";
				SWIFT_EMIT_LOC_STRINGS = YES;
				SWIFT_VERSION = 5.0;
				TARGETED_DEVICE_FAMILY = "1,2";
			};
			name = Debug;
		};
		ACA3AA7A2D569BC6008CCF12 /* Release */ = {
			isa = XCBuildConfiguration;
			buildSettings = {
				ASSETCATALOG_COMPILER_APPICON_NAME = AppIcon;
				ASSETCATALOG_COMPILER_GLOBAL_ACCENT_COLOR_NAME = AccentColor;
				CODE_SIGN_STYLE = Automatic;
				CURRENT_PROJECT_VERSION = 1;
				DEVELOPMENT_ASSET_PATHS = "\"FchMealsApp/Preview Content\"";
				DEVELOPMENT_TEAM = 8VNWQXUY4G;
				ENABLE_PREVIEWS = YES;
				GENERATE_INFOPLIST_FILE = YES;
				INFOPLIST_KEY_UIApplicationSceneManifest_Generation = YES;
				INFOPLIST_KEY_UIApplicationSupportsIndirectInputEvents = YES;
				INFOPLIST_KEY_UILaunchScreen_Generation = YES;
				INFOPLIST_KEY_UISupportedInterfaceOrientations_iPad = "UIInterfaceOrientationPortrait UIInterfaceOrientationPortraitUpsideDown UIInterfaceOrientationLandscapeLeft UIInterfaceOrientationLandscapeRight";
				INFOPLIST_KEY_UISupportedInterfaceOrientations_iPhone = "UIInterfaceOrientationPortrait UIInterfaceOrientationLandscapeLeft UIInterfaceOrientationLandscapeRight";
				LD_RUNPATH_SEARCH_PATHS = (
					"$(inherited)",
					"@executable_path/Frameworks",
				);
				MARKETING_VERSION = 1.0;
				PRODUCT_BUNDLE_IDENTIFIER = aadishivmalhotra.FchMealsApp;
				PRODUCT_NAME = "$(TARGET_NAME)";
				SWIFT_EMIT_LOC_STRINGS = YES;
				SWIFT_VERSION = 5.0;
				TARGETED_DEVICE_FAMILY = "1,2";
			};
			name = Release;
		};
		ACA3AA7C2D569BC6008CCF12 /* Debug */ = {
			isa = XCBuildConfiguration;
			buildSettings = {
				BUNDLE_LOADER = "$(TEST_HOST)";
				CODE_SIGN_STYLE = Automatic;
				CURRENT_PROJECT_VERSION = 1;
				DEVELOPMENT_TEAM = 8VNWQXUY4G;
				GENERATE_INFOPLIST_FILE = YES;
				IPHONEOS_DEPLOYMENT_TARGET = 18.2;
				MARKETING_VERSION = 1.0;
				PRODUCT_BUNDLE_IDENTIFIER = aadishivmalhotra.FchMealsAppTests;
				PRODUCT_NAME = "$(TARGET_NAME)";
				SWIFT_EMIT_LOC_STRINGS = NO;
				SWIFT_VERSION = 5.0;
				TARGETED_DEVICE_FAMILY = "1,2";
				TEST_HOST = "$(BUILT_PRODUCTS_DIR)/FchMealsApp.app/$(BUNDLE_EXECUTABLE_FOLDER_PATH)/FchMealsApp";
			};
			name = Debug;
		};
		ACA3AA7D2D569BC6008CCF12 /* Release */ = {
			isa = XCBuildConfiguration;
			buildSettings = {
				BUNDLE_LOADER = "$(TEST_HOST)";
				CODE_SIGN_STYLE = Automatic;
				CURRENT_PROJECT_VERSION = 1;
				DEVELOPMENT_TEAM = 8VNWQXUY4G;
				GENERATE_INFOPLIST_FILE = YES;
				IPHONEOS_DEPLOYMENT_TARGET = 18.2;
				MARKETING_VERSION = 1.0;
				PRODUCT_BUNDLE_IDENTIFIER = aadishivmalhotra.FchMealsAppTests;
				PRODUCT_NAME = "$(TARGET_NAME)";
				SWIFT_EMIT_LOC_STRINGS = NO;
				SWIFT_VERSION = 5.0;
				TARGETED_DEVICE_FAMILY = "1,2";
				TEST_HOST = "$(BUILT_PRODUCTS_DIR)/FchMealsApp.app/$(BUNDLE_EXECUTABLE_FOLDER_PATH)/FchMealsApp";
			};
			name = Release;
		};
		ACA3AA7F2D569BC6008CCF12 /* Debug */ = {
			isa = XCBuildConfiguration;
			buildSettings = {
				CODE_SIGN_STYLE = Automatic;
				CURRENT_PROJECT_VERSION = 1;
				DEVELOPMENT_TEAM = 8VNWQXUY4G;
				GENERATE_INFOPLIST_FILE = YES;
				MARKETING_VERSION = 1.0;
				PRODUCT_BUNDLE_IDENTIFIER = aadishivmalhotra.FchMealsAppUITests;
				PRODUCT_NAME = "$(TARGET_NAME)";
				SWIFT_EMIT_LOC_STRINGS = NO;
				SWIFT_VERSION = 5.0;
				TARGETED_DEVICE_FAMILY = "1,2";
				TEST_TARGET_NAME = FchMealsApp;
			};
			name = Debug;
		};
		ACA3AA802D569BC6008CCF12 /* Release */ = {
			isa = XCBuildConfiguration;
			buildSettings = {
				CODE_SIGN_STYLE = Automatic;
				CURRENT_PROJECT_VERSION = 1;
				DEVELOPMENT_TEAM = 8VNWQXUY4G;
				GENERATE_INFOPLIST_FILE = YES;
				MARKETING_VERSION = 1.0;
				PRODUCT_BUNDLE_IDENTIFIER = aadishivmalhotra.FchMealsAppUITests;
				PRODUCT_NAME = "$(TARGET_NAME)";
				SWIFT_EMIT_LOC_STRINGS = NO;
				SWIFT_VERSION = 5.0;
				TARGETED_DEVICE_FAMILY = "1,2";
				TEST_TARGET_NAME = FchMealsApp;
			};
			name = Release;
		};
/* End XCBuildConfiguration section */

/* Begin XCConfigurationList section */
		ACA3AA4F2D569BC4008CCF12 /* Build configuration list for PBXProject "FchMealsApp" */ = {
			isa = XCConfigurationList;
			buildConfigurations = (
				ACA3AA762D569BC6008CCF12 /* Debug */,
				ACA3AA772D569BC6008CCF12 /* Release */,
			);
			defaultConfigurationIsVisible = 0;
			defaultConfigurationName = Release;
		};
		ACA3AA782D569BC6008CCF12 /* Build configuration list for PBXNativeTarget "FchMealsApp" */ = {
			isa = XCConfigurationList;
			buildConfigurations = (
				ACA3AA792D569BC6008CCF12 /* Debug */,
				ACA3AA7A2D569BC6008CCF12 /* Release */,
			);
			defaultConfigurationIsVisible = 0;
			defaultConfigurationName = Release;
		};
		ACA3AA7B2D569BC6008CCF12 /* Build configuration list for PBXNativeTarget "FchMealsAppTests" */ = {
			isa = XCConfigurationList;
			buildConfigurations = (
				ACA3AA7C2D569BC6008CCF12 /* Debug */,
				ACA3AA7D2D569BC6008CCF12 /* Release */,
			);
			defaultConfigurationIsVisible = 0;
			defaultConfigurationName = Release;
		};
		ACA3AA7E2D569BC6008CCF12 /* Build configuration list for PBXNativeTarget "FchMealsAppUITests" */ = {
			isa = XCConfigurationList;
			buildConfigurations = (
				ACA3AA7F2D569BC6008CCF12 /* Debug */,
				ACA3AA802D569BC6008CCF12 /* Release */,
			);
			defaultConfigurationIsVisible = 0;
			defaultConfigurationName = Release;
		};
/* End XCConfigurationList section */
	};
	rootObject = ACA3AA4C2D569BC4008CCF12 /* Project object */;
}
